
Microsoft Visual Studio Solution File, Format Version 12.00
# Visual Studio 15
VisualStudioVersion = 15.0.28010.2026
MinimumVisualStudioVersion = 10.0.40219.1
Project("{FAE04EC0-301F-11D3-BF4B-00C04F79EFBC}") = "RestConsumerConsumer", "RestConsumerConsumer\RestConsumerConsumer.csproj", "{9B9D9153-F388-4A0A-BF9F-7ED2FCFC941E}"
EndProject
Global
	GlobalSection(SolutionConfigurationPlatforms) = preSolution
		Debug|Any CPU = Debug|Any CPU
		Release|Any CPU = Release|Any CPU
	EndGlobalSection
	GlobalSection(ProjectConfigurationPlatforms) = postSolution
		{9B9D9153-F388-4A0A-BF9F-7ED2FCFC941E}.Debug|Any CPU.ActiveCfg = Debug|Any CPU
		{9B9D9153-F388-4A0A-BF9F-7ED2FCFC941E}.Debug|Any CPU.Build.0 = Debug|Any CPU
		{9B9D9153-F388-4A0A-BF9F-7ED2FCFC941E}.Release|Any CPU.ActiveCfg = Release|Any CPU
		{9B9D9153-F388-4A0A-BF9F-7ED2FCFC941E}.Release|Any CPU.Build.0 = Release|Any CPU
	EndGlobalSection
	GlobalSection(SolutionProperties) = preSolution
		HideSolutionNode = FALSE
	EndGlobalSection
	GlobalSection(ExtensibilityGlobals) = postSolution
		SolutionGuid = {C8F1E06E-233C-4763-874D-9C8C180C7A29}
	EndGlobalSection
EndGlobal
